
Microsoft Visual Studio Solution File, Format Version 12.00
# Visual Studio Version 16
VisualStudioVersion = 16.0.31911.196
MinimumVisualStudioVersion = 10.0.40219.1
Project("{FAE04EC0-301F-11D3-BF4B-00C04F79EFBC}") = "Жалюзи", "Жалюзи\Жалюзи.csproj", "{69272D60-E2C2-4281-A01F-5F76DBD8A9A4}"
EndProject
Global
	GlobalSection(SolutionConfigurationPlatforms) = preSolution
		Debug|Any CPU = Debug|Any CPU
		Release|Any CPU = Release|Any CPU
	EndGlobalSection
	GlobalSection(ProjectConfigurationPlatforms) = postSolution
		{69272D60-E2C2-4281-A01F-5F76DBD8A9A4}.Debug|Any CPU.ActiveCfg = Debug|Any CPU
		{69272D60-E2C2-4281-A01F-5F76DBD8A9A4}.Debug|Any CPU.Build.0 = Debug|Any CPU
		{69272D60-E2C2-4281-A01F-5F76DBD8A9A4}.Release|Any CPU.ActiveCfg = Release|Any CPU
		{69272D60-E2C2-4281-A01F-5F76DBD8A9A4}.Release|Any CPU.Build.0 = Release|Any CPU
	EndGlobalSection
	GlobalSection(SolutionProperties) = preSolution
		HideSolutionNode = FALSE
	EndGlobalSection
	GlobalSection(ExtensibilityGlobals) = postSolution
		SolutionGuid = {C3E7D40D-18FB-4976-9B0F-AEAEF6DC1176}
	EndGlobalSection
EndGlobal
